// !$*UTF8*$!
{
	archiveVersion = 1;
	classes = {
	};
	objectVersion = 46;
	objects = {

/* Begin PBXBuildFile section */
		D3A5698F1C917112002A1A8C /* main.m in Sources */ = {isa = PBXBuildFile; fileRef = D3A5698E1C917112002A1A8C /* main.m */; };
		D3A569921C917112002A1A8C /* AppDelegate.m in Sources */ = {isa = PBXBuildFile; fileRef = D3A569911C917112002A1A8C /* AppDelegate.m */; };
		D3A569951C917112002A1A8C /* ViewController.m in Sources */ = {isa = PBXBuildFile; fileRef = D3A569941C917112002A1A8C /* ViewController.m */; };
		D3A569981C917112002A1A8C /* Main.storyboard in Resources */ = {isa = PBXBuildFile; fileRef = D3A569961C917112002A1A8C /* Main.storyboard */; };
		D3A5699A1C917112002A1A8C /* Assets.xcassets in Resources */ = {isa = PBXBuildFile; fileRef = D3A569991C917112002A1A8C /* Assets.xcassets */; };
		D3A5699D1C917112002A1A8C /* LaunchScreen.storyboard in Resources */ = {isa = PBXBuildFile; fileRef = D3A5699B1C917112002A1A8C /* LaunchScreen.storyboard */; };
		D3A569A81C917135002A1A8C /* ANWExpandScrollView.m in Sources */ = {isa = PBXBuildFile; fileRef = D3A569A61C917135002A1A8C /* ANWExpandScrollView.m */; };
		D3A569A91C917135002A1A8C /* ANWExpandScrollView.xib in Resources */ = {isa = PBXBuildFile; fileRef = D3A569A71C917135002A1A8C /* ANWExpandScrollView.xib */; };
/* End PBXBuildFile section */

/* Begin PBXFileReference section */
		D3A5698A1C917112002A1A8C /* ExpandScrollViewDemo.app */ = {isa = PBXFileReference; explicitFileType = wrapper.application; includeInIndex = 0; path = ExpandScrollViewDemo.app; sourceTree = BUILT_PRODUCTS_DIR; };
		D3A5698E1C917112002A1A8C /* main.m */ = {isa = PBXFileReference; lastKnownFileType = sourcecode.c.objc; path = main.m; sourceTree = "<group>"; };
		D3A569901C917112002A1A8C /* AppDelegate.h */ = {isa = PBXFileReference; lastKnownFileType = sourcecode.c.h; path = AppDelegate.h; sourceTree = "<group>"; };
		D3A569911C917112002A1A8C /* AppDelegate.m */ = {isa = PBXFileReference; lastKnownFileType = sourcecode.c.objc; path = AppDelegate.m; sourceTree = "<group>"; };
		D3A569931C917112002A1A8C /* ViewController.h */ = {isa = PBXFileReference; lastKnownFileType = sourcecode.c.h; path = ViewController.h; sourceTree = "<group>"; };
		D3A569941C917112002A1A8C /* ViewController.m */ = {isa = PBXFileReference; lastKnownFileType = sourcecode.c.objc; path = ViewController.m; sourceTree = "<group>"; };
		D3A569971C917112002A1A8C /* Base */ = {isa = PBXFileReference; lastKnownFileType = file.storyboard; name = Base; path = Base.lproj/Main.storyboard; sourceTree = "<group>"; };
		D3A569991C917112002A1A8C /* Assets.xcassets */ = {isa = PBXFileReference; lastKnownFileType = folder.assetcatalog; path = Assets.xcassets; sourceTree = "<group>"; };
		D3A5699C1C917112002A1A8C /* Base */ = {isa = PBXFileReference; lastKnownFileType = file.storyboard; name = Base; path = Base.lproj/LaunchScreen.storyboard; sourceTree = "<group>"; };
		D3A5699E1C917112002A1A8C /* Info.plist */ = {isa = PBXFileReference; lastKnownFileType = text.plist.xml; path = Info.plist; sourceTree = "<group>"; };
		D3A569A51C917135002A1A8C /* ANWExpandScrollView.h */ = {isa = PBXFileReference; fileEncoding = 4; lastKnownFileType = sourcecode.c.h; path = ANWExpandScrollView.h; sourceTree = "<group>"; };
		D3A569A61C917135002A1A8C /* ANWExpandScrollView.m */ = {isa = PBXFileReference; fileEncoding = 4; lastKnownFileType = sourcecode.c.objc; path = ANWExpandScrollView.m; sourceTree = "<group>"; };
		D3A569A71C917135002A1A8C /* ANWExpandScrollView.xib */ = {isa = PBXFileReference; fileEncoding = 4; lastKnownFileType = file.xib; path = ANWExpandScrollView.xib; sourceTree = "<group>"; };
/* End PBXFileReference section */

/* Begin PBXFrameworksBuildPhase section */
		D3A569871C917112002A1A8C /* Frameworks */ = {
			isa = PBXFrameworksBuildPhase;
			buildActionMask = 2147483647;
			files = (
			);
			runOnlyForDeploymentPostprocessing = 0;
		};
/* End PBXFrameworksBuildPhase section */

/* Begin PBXGroup section */
		D3A569811C917112002A1A8C = {
			isa = PBXGroup;
			children = (
				D3A5698C1C917112002A1A8C /* ExpandScrollViewDemo */,
				D3A5698B1C917112002A1A8C /* Products */,
			);
			sourceTree = "<group>";
		};
		D3A5698B1C917112002A1A8C /* Products */ = {
			isa = PBXGroup;
			children = (
				D3A5698A1C917112002A1A8C /* ExpandScrollViewDemo.app */,
			);
			name = Products;
			sourceTree = "<group>";
		};
		D3A5698C1C917112002A1A8C /* ExpandScrollViewDemo */ = {
			isa = PBXGroup;
			children = (
				D3A569A41C917135002A1A8C /* ExpandScrollView */,
				D3A569901C917112002A1A8C /* AppDelegate.h */,
				D3A569911C917112002A1A8C /* AppDelegate.m */,
				D3A569931C917112002A1A8C /* ViewController.h */,
				D3A569941C917112002A1A8C /* ViewController.m */,
				D3A569961C917112002A1A8C /* Main.storyboard */,
				D3A569991C917112002A1A8C /* Assets.xcassets */,
				D3A5699B1C917112002A1A8C /* LaunchScreen.storyboard */,
				D3A5699E1C917112002A1A8C /* Info.plist */,
				D3A5698D1C917112002A1A8C /* Supporting Files */,
			);
			path = ExpandScrollViewDemo;
			sourceTree = "<group>";
		};
		D3A5698D1C917112002A1A8C /* Supporting Files */ = {
			isa = PBXGroup;
			children = (
				D3A5698E1C917112002A1A8C /* main.m */,
			);
			name = "Supporting Files";
			sourceTree = "<group>";
		};
		D3A569A41C917135002A1A8C /* ExpandScrollView */ = {
			isa = PBXGroup;
			children = (
				D3A569A51C917135002A1A8C /* ANWExpandScrollView.h */,
				D3A569A61C917135002A1A8C /* ANWExpandScrollView.m */,
				D3A569A71C917135002A1A8C /* ANWExpandScrollView.xib */,
			);
			path = ExpandScrollView;
			sourceTree = "<group>";
		};
/* End PBXGroup section */

/* Begin PBXNativeTarget section */
		D3A569891C917112002A1A8C /* ExpandScrollViewDemo */ = {
			isa = PBXNativeTarget;
			buildConfigurationList = D3A569A11C917112002A1A8C /* Build configuration list for PBXNativeTarget "ExpandScrollViewDemo" */;
			buildPhases = (
				D3A569861C917112002A1A8C /* Sources */,
				D3A569871C917112002A1A8C /* Frameworks */,
				D3A569881C917112002A1A8C /* Resources */,
			);
			buildRules = (
			);
			dependencies = (
			);
			name = ExpandScrollViewDemo;
			productName = ExpandScrollViewDemo;
			productReference = D3A5698A1C917112002A1A8C /* ExpandScrollViewDemo.app */;
			productType = "com.apple.product-type.application";
		};
/* End PBXNativeTarget section */

/* Begin PBXProject section */
		D3A569821C917112002A1A8C /* Project object */ = {
			isa = PBXProject;
			attributes = {
				LastUpgradeCheck = 0720;
				ORGANIZATIONNAME = "Anil Oruc";
				TargetAttributes = {
					D3A569891C917112002A1A8C = {
						CreatedOnToolsVersion = 7.2.1;
					};
				};
			};
			buildConfigurationList = D3A569851C917112002A1A8C /* Build configuration list for PBXProject "ExpandScrollViewDemo" */;
			compatibilityVersion = "Xcode 3.2";
			developmentRegion = English;
			hasScannedForEncodings = 0;
			knownRegions = (
				en,
				Base,
			);
			mainGroup = D3A569811C917112002A1A8C;
			productRefGroup = D3A5698B1C917112002A1A8C /* Products */;
			projectDirPath = "";
			projectRoot = "";
			targets = (
				D3A569891C917112002A1A8C /* ExpandScrollViewDemo */,
			);
		};
/* End PBXProject section */

/* Begin PBXResourcesBuildPhase section */
		D3A569881C917112002A1A8C /* Resources */ = {
			isa = PBXResourcesBuildPhase;
			buildActionMask = 2147483647;
			files = (
				D3A5699D1C917112002A1A8C /* LaunchScreen.storyboard in Resources */,
				D3A569A91C917135002A1A8C /* ANWExpandScrollView.xib in Resources */,
				D3A5699A1C917112002A1A8C /* Assets.xcassets in Resources */,
				D3A569981C917112002A1A8C /* Main.storyboard in Resources */,
			);
			runOnlyForDeploymentPostprocessing = 0;
		};
/* End PBXResourcesBuildPhase section */

/* Begin PBXSourcesBuildPhase section */
		D3A569861C917112002A1A8C /* Sources */ = {
			isa = PBXSourcesBuildPhase;
			buildActionMask = 2147483647;
			files = (
				D3A569951C917112002A1A8C /* ViewController.m in Sources */,
				D3A569A81C917135002A1A8C /* ANWExpandScrollView.m in Sources */,
				D3A569921C917112002A1A8C /* AppDelegate.m in Sources */,
				D3A5698F1C917112002A1A8C /* main.m in Sources */,
			);
			runOnlyForDeploymentPostprocessing = 0;
		};
/* End PBXSourcesBuildPhase section */

/* Begin PBXVariantGroup section */
		D3A569961C917112002A1A8C /* Main.storyboard */ = {
			isa = PBXVariantGroup;
			children = (
				D3A569971C917112002A1A8C /* Base */,
			);
			name = Main.storyboard;
			sourceTree = "<group>";
		};
		D3A5699B1C917112002A1A8C /* LaunchScreen.storyboard */ = {
			isa = PBXVariantGroup;
			children = (
				D3A5699C1C917112002A1A8C /* Base */,
			);
			name = LaunchScreen.storyboard;
			sourceTree = "<group>";
		};
/* End PBXVariantGroup section */

/* Begin XCBuildConfiguration section */
		D3A5699F1C917112002A1A8C /* Debug */ = {
			isa = XCBuildConfiguration;
			buildSettings = {
				ALWAYS_SEARCH_USER_PATHS = NO;
				CLANG_CXX_LANGUAGE_STANDARD = "gnu++0x";
				CLANG_CXX_LIBRARY = "libc++";
				CLANG_ENABLE_MODULES = YES;
				CLANG_ENABLE_OBJC_ARC = YES;
				CLANG_WARN_BOOL_CONVERSION = YES;
				CLANG_WARN_CONSTANT_CONVERSION = YES;
				CLANG_WARN_DIRECT_OBJC_ISA_USAGE = YES_ERROR;
				CLANG_WARN_EMPTY_BODY = YES;
				CLANG_WARN_ENUM_CONVERSION = YES;
				CLANG_WARN_INT_CONVERSION = YES;
				CLANG_WARN_OBJC_ROOT_CLASS = YES_ERROR;
				CLANG_WARN_UNREACHABLE_CODE = YES;
				CLANG_WARN__DUPLICATE_METHOD_MATCH = YES;
				"CODE_SIGN_IDENTITY[sdk=iphoneos*]" = "iPhone Developer";
				COPY_PHASE_STRIP = NO;
				DEBUG_INFORMATION_FORMAT = dwarf;
				ENABLE_STRICT_OBJC_MSGSEND = YES;
				ENABLE_TESTABILITY = YES;
				GCC_C_LANGUAGE_STANDARD = gnu99;
				GCC_DYNAMIC_NO_PIC = NO;
				GCC_NO_COMMON_BLOCKS = YES;
				GCC_OPTIMIZATION_LEVEL = 0;
				GCC_PREPROCESSOR_DEFINITIONS = (
					"DEBUG=1",
					"$(inherited)",
				);
				GCC_WARN_64_TO_32_BIT_CONVERSION = YES;
				GCC_WARN_ABOUT_RETURN_TYPE = YES_ERROR;
				GCC_WARN_UNDECLARED_SELECTOR = YES;
				GCC_WARN_UNINITIALIZED_AUTOS = YES_AGGRESSIVE;
				GCC_WARN_UNUSED_FUNCTION = YES;
				GCC_WARN_UNUSED_VARIABLE = YES;
				IPHONEOS_DEPLOYMENT_TARGET = 9.2;
				MTL_ENABLE_DEBUG_INFO = YES;
				ONLY_ACTIVE_ARCH = YES;
				SDKROOT = iphoneos;
			};
			name = Debug;
		};
		D3A569A01C917112002A1A8C /* Release */ = {
			isa = XCBuildConfiguration;
			buildSettings = {
				ALWAYS_SEARCH_USER_PATHS = NO;
				CLANG_CXX_LANGUAGE_STANDARD = "gnu++0x";
				CLANG_CXX_LIBRARY = "libc++";
				CLANG_ENABLE_MODULES = YES;
				CLANG_ENABLE_OBJC_ARC = YES;
				CLANG_WARN_BOOL_CONVERSION = YES;
				CLANG_WARN_CONSTANT_CONVERSION = YES;
				CLANG_WARN_DIRECT_OBJC_ISA_USAGE = YES_ERROR;
				CLANG_WARN_EMPTY_BODY = YES;
				CLANG_WARN_ENUM_CONVERSION = YES;
				CLANG_WARN_INT_CONVERSION = YES;
				CLANG_WARN_OBJC_ROOT_CLASS = YES_ERROR;
				CLANG_WARN_UNREACHABLE_CODE = YES;
				CLANG_WARN__DUPLICATE_METHOD_MATCH = YES;
				"CODE_SIGN_IDENTITY[sdk=iphoneos*]" = "iPhone Developer";
				COPY_PHASE_STRIP = NO;
				DEBUG_INFORMATION_FORMAT = "dwarf-with-dsym";
				ENABLE_NS_ASSERTIONS = NO;
				ENABLE_STRICT_OBJC_MSGSEND = YES;
				GCC_C_LANGUAGE_STANDARD = gnu99;
				GCC_NO_COMMON_BLOCKS = YES;
				GCC_WARN_64_TO_32_BIT_CONVERSION = YES;
				GCC_WARN_ABOUT_RETURN_TYPE = YES_ERROR;
				GCC_WARN_UNDECLARED_SELECTOR = YES;
				GCC_WARN_UNINITIALIZED_AUTOS = YES_AGGRESSIVE;
				GCC_WARN_UNUSED_FUNCTION = YES;
				GCC_WARN_UNUSED_VARIABLE = YES;
				IPHONEOS_DEPLOYMENT_TARGET = 9.2;
				MTL_ENABLE_DEBUG_INFO = NO;
				SDKROOT = iphoneos;
				VALIDATE_PRODUCT = YES;
			};
			name = Release;
		};
		D3A569A21C917112002A1A8C /* Debug */ = {
			isa = XCBuildConfiguration;
			buildSettings = {
				ASSETCATALOG_COMPILER_APPICON_NAME = AppIcon;
				INFOPLIST_FILE = ExpandScrollViewDemo/Info.plist;
				IPHONEOS_DEPLOYMENT_TARGET = 7.0;
				LD_RUNPATH_SEARCH_PATHS = "$(inherited) @executable_path/Frameworks";
				PRODUCT_BUNDLE_IDENTIFIER = annulmobile.ExpandScrollViewDemo;
				PRODUCT_NAME = "$(TARGET_NAME)";
			};
			name = Debug;
		};
		D3A569A31C917112002A1A8C /* Release */ = {
			isa = XCBuildConfiguration;
			buildSettings = {
				ASSETCATALOG_COMPILER_APPICON_NAME = AppIcon;
				INFOPLIST_FILE = ExpandScrollViewDemo/Info.plist;
				IPHONEOS_DEPLOYMENT_TARGET = 7.0;
				LD_RUNPATH_SEARCH_PATHS = "$(inherited) @executable_path/Frameworks";
				PRODUCT_BUNDLE_IDENTIFIER = annulmobile.ExpandScrollViewDemo;
				PRODUCT_NAME = "$(TARGET_NAME)";
			};
			name = Release;
		};
/* End XCBuildConfiguration section */

/* Begin XCConfigurationList section */
		D3A569851C917112002A1A8C /* Build configuration list for PBXProject "ExpandScrollViewDemo" */ = {
			isa = XCConfigurationList;
			buildConfigurations = (
				D3A5699F1C917112002A1A8C /* Debug */,
				D3A569A01C917112002A1A8C /* Release */,
			);
			defaultConfigurationIsVisible = 0;
			defaultConfigurationName = Release;
		};
		D3A569A11C917112002A1A8C /* Build configuration list for PBXNativeTarget "ExpandScrollViewDemo" */ = {
			isa = XCConfigurationList;
			buildConfigurations = (
				D3A569A21C917112002A1A8C /* Debug */,
				D3A569A31C917112002A1A8C /* Release */,
			);
			defaultConfigurationIsVisible = 0;
			defaultConfigurationName = Release;
		};
/* End XCConfigurationList section */
	};
	rootObject = D3A569821C917112002A1A8C /* Project object */;
}
